// !$*UTF8*$!
{
	archiveVersion = 1;
	classes = {
	};
	objectVersion = 46;
	objects = {

/* Begin PBXBuildFile section */
		0A2ECB3E165861B4002BC099 /* JSONKit.m in Sources */ = {isa = PBXBuildFile; fileRef = 0A2ECB3D165861B4002BC099 /* JSONKit.m */; };
		0A2ECB421658664B002BC099 /* ESPNNetworkingManager.m in Sources */ = {isa = PBXBuildFile; fileRef = 0A2ECB411658664B002BC099 /* ESPNNetworkingManager.m */; };
		0A2ECB441658677D002BC099 /* SystemConfiguration.framework in Frameworks */ = {isa = PBXBuildFile; fileRef = 0A2ECB431658677D002BC099 /* SystemConfiguration.framework */; };
		0A2ECB4A16588456002BC099 /* EAPICreateCustomObjectViewController.m in Sources */ = {isa = PBXBuildFile; fileRef = 0A2ECB4916588456002BC099 /* EAPICreateCustomObjectViewController.m */; };
		0A2ECB4F1658AD28002BC099 /* UIColor+Hex.m in Sources */ = {isa = PBXBuildFile; fileRef = 0A2ECB4E1658AD28002BC099 /* UIColor+Hex.m */; };
		0A2ECB621658CC7D002BC099 /* clear_button.png in Resources */ = {isa = PBXBuildFile; fileRef = 0A2ECB611658CC7D002BC099 /* clear_button.png */; };
		0A2ECB641658CC96002BC099 /* submit_button.png in Resources */ = {isa = PBXBuildFile; fileRef = 0A2ECB631658CC96002BC099 /* submit_button.png */; };
		0A2ECB671658F37C002BC099 /* EAPICustomObjectView.m in Sources */ = {isa = PBXBuildFile; fileRef = 0A2ECB661658F37C002BC099 /* EAPICustomObjectView.m */; };
		0A2ECB6916590F55002BC099 /* easy_api_logo.png in Resources */ = {isa = PBXBuildFile; fileRef = 0A2ECB6816590F55002BC099 /* easy_api_logo.png */; };
		0A2ECB6D16591438002BC099 /* EAPIToolbarView.m in Sources */ = {isa = PBXBuildFile; fileRef = 0A2ECB6C16591438002BC099 /* EAPIToolbarView.m */; };
		0A2ECB70165918B8002BC099 /* EAPIBottomToolbar.m in Sources */ = {isa = PBXBuildFile; fileRef = 0A2ECB6F165918B8002BC099 /* EAPIBottomToolbar.m */; };
		0A2ECB7316592531002BC099 /* EAPICustomObjectToolbarView.m in Sources */ = {isa = PBXBuildFile; fileRef = 0A2ECB7216592530002BC099 /* EAPICustomObjectToolbarView.m */; };
		0A5B0F8116581BCD008F8DEE /* UIKit.framework in Frameworks */ = {isa = PBXBuildFile; fileRef = 0A5B0F8016581BCD008F8DEE /* UIKit.framework */; };
		0A5B0F8316581BCD008F8DEE /* Foundation.framework in Frameworks */ = {isa = PBXBuildFile; fileRef = 0A5B0F8216581BCD008F8DEE /* Foundation.framework */; };
		0A5B0F8516581BCD008F8DEE /* CoreGraphics.framework in Frameworks */ = {isa = PBXBuildFile; fileRef = 0A5B0F8416581BCD008F8DEE /* CoreGraphics.framework */; };
		0A5B0F8B16581BCD008F8DEE /* InfoPlist.strings in Resources */ = {isa = PBXBuildFile; fileRef = 0A5B0F8916581BCD008F8DEE /* InfoPlist.strings */; };
		0A5B0F8D16581BCD008F8DEE /* main.m in Sources */ = {isa = PBXBuildFile; fileRef = 0A5B0F8C16581BCD008F8DEE /* main.m */; };
		0A5B0F9116581BCD008F8DEE /* EAPIAppDelegate.m in Sources */ = {isa = PBXBuildFile; fileRef = 0A5B0F9016581BCD008F8DEE /* EAPIAppDelegate.m */; };
		0A5B0F9316581BCD008F8DEE /* Default.png in Resources */ = {isa = PBXBuildFile; fileRef = 0A5B0F9216581BCD008F8DEE /* Default.png */; };
		0A5B0F9516581BCD008F8DEE /* Default@2x.png in Resources */ = {isa = PBXBuildFile; fileRef = 0A5B0F9416581BCD008F8DEE /* Default@2x.png */; };
		0A5B0F9716581BCD008F8DEE /* Default-568h@2x.png in Resources */ = {isa = PBXBuildFile; fileRef = 0A5B0F9616581BCD008F8DEE /* Default-568h@2x.png */; };
		0A5B0F9A16581BCD008F8DEE /* EAPIViewController.m in Sources */ = {isa = PBXBuildFile; fileRef = 0A5B0F9916581BCD008F8DEE /* EAPIViewController.m */; };
		0A5B0F9D16581BCD008F8DEE /* EAPIViewController.xib in Resources */ = {isa = PBXBuildFile; fileRef = 0A5B0F9B16581BCD008F8DEE /* EAPIViewController.xib */; };
		0A5B0FA516581C5D008F8DEE /* EAPIKeyValueView.m in Sources */ = {isa = PBXBuildFile; fileRef = 0A5B0FA416581C5D008F8DEE /* EAPIKeyValueView.m */; };
		0A5B0FA916581C7D008F8DEE /* EAPIDictionaryView.m in Sources */ = {isa = PBXBuildFile; fileRef = 0A5B0FA816581C7D008F8DEE /* EAPIDictionaryView.m */; };
		0A5B0FB016581CAE008F8DEE /* EAPIAddView.m in Sources */ = {isa = PBXBuildFile; fileRef = 0A5B0FAF16581CAE008F8DEE /* EAPIAddView.m */; };
		0A5B0FB316581CC8008F8DEE /* EAPIAddingPopoverViewViewController.m in Sources */ = {isa = PBXBuildFile; fileRef = 0A5B0FB216581CC8008F8DEE /* EAPIAddingPopoverViewViewController.m */; };
		77DB236A1658BE030097F01A /* 1536x2008-frontPageeasyAPI.png in Resources */ = {isa = PBXBuildFile; fileRef = 77DB23681658BE030097F01A /* 1536x2008-frontPageeasyAPI.png */; };
		77DB236B1658BE030097F01A /* 768x1004-frontPageeasyAPI.png in Resources */ = {isa = PBXBuildFile; fileRef = 77DB23691658BE030097F01A /* 768x1004-frontPageeasyAPI.png */; };
		77DB236D1658BE0F0097F01A /* logoeasyapi-144x144.png in Resources */ = {isa = PBXBuildFile; fileRef = 77DB236C1658BE0F0097F01A /* logoeasyapi-144x144.png */; };
		77DB236F1658BE230097F01A /* Default-Portrait~ipad.png in Resources */ = {isa = PBXBuildFile; fileRef = 77DB236E1658BE230097F01A /* Default-Portrait~ipad.png */; };
		77DB23711658BE2B0097F01A /* Default-Portrait@2x~ipad.png in Resources */ = {isa = PBXBuildFile; fileRef = 77DB23701658BE2B0097F01A /* Default-Portrait@2x~ipad.png */; };
		77DB23731658BE570097F01A /* logoeasyapi.png in Resources */ = {isa = PBXBuildFile; fileRef = 77DB23721658BE570097F01A /* logoeasyapi.png */; };
/* End PBXBuildFile section */

/* Begin PBXFileReference section */
		0A2ECB3C165861B4002BC099 /* JSONKit.h */ = {isa = PBXFileReference; fileEncoding = 4; lastKnownFileType = sourcecode.c.h; path = JSONKit.h; sourceTree = "<group>"; };
		0A2ECB3D165861B4002BC099 /* JSONKit.m */ = {isa = PBXFileReference; fileEncoding = 4; lastKnownFileType = sourcecode.c.objc; path = JSONKit.m; sourceTree = "<group>"; };
		0A2ECB401658664B002BC099 /* ESPNNetworkingManager.h */ = {isa = PBXFileReference; fileEncoding = 4; lastKnownFileType = sourcecode.c.h; path = ESPNNetworkingManager.h; sourceTree = "<group>"; };
		0A2ECB411658664B002BC099 /* ESPNNetworkingManager.m */ = {isa = PBXFileReference; fileEncoding = 4; lastKnownFileType = sourcecode.c.objc; path = ESPNNetworkingManager.m; sourceTree = "<group>"; };
		0A2ECB431658677D002BC099 /* SystemConfiguration.framework */ = {isa = PBXFileReference; lastKnownFileType = wrapper.framework; name = SystemConfiguration.framework; path = System/Library/Frameworks/SystemConfiguration.framework; sourceTree = SDKROOT; };
		0A2ECB4816588456002BC099 /* EAPICreateCustomObjectViewController.h */ = {isa = PBXFileReference; fileEncoding = 4; lastKnownFileType = sourcecode.c.h; path = EAPICreateCustomObjectViewController.h; sourceTree = "<group>"; };
		0A2ECB4916588456002BC099 /* EAPICreateCustomObjectViewController.m */ = {isa = PBXFileReference; fileEncoding = 4; lastKnownFileType = sourcecode.c.objc; path = EAPICreateCustomObjectViewController.m; sourceTree = "<group>"; };
		0A2ECB4D1658AD28002BC099 /* UIColor+Hex.h */ = {isa = PBXFileReference; fileEncoding = 4; lastKnownFileType = sourcecode.c.h; path = "UIColor+Hex.h"; sourceTree = "<group>"; };
		0A2ECB4E1658AD28002BC099 /* UIColor+Hex.m */ = {isa = PBXFileReference; fileEncoding = 4; lastKnownFileType = sourcecode.c.objc; path = "UIColor+Hex.m"; sourceTree = "<group>"; };
		0A2ECB611658CC7D002BC099 /* clear_button.png */ = {isa = PBXFileReference; lastKnownFileType = image.png; path = clear_button.png; sourceTree = "<group>"; };
		0A2ECB631658CC96002BC099 /* submit_button.png */ = {isa = PBXFileReference; lastKnownFileType = image.png; path = submit_button.png; sourceTree = "<group>"; };
		0A2ECB651658F37C002BC099 /* EAPICustomObjectView.h */ = {isa = PBXFileReference; fileEncoding = 4; lastKnownFileType = sourcecode.c.h; path = EAPICustomObjectView.h; sourceTree = "<group>"; };
		0A2ECB661658F37C002BC099 /* EAPICustomObjectView.m */ = {isa = PBXFileReference; fileEncoding = 4; lastKnownFileType = sourcecode.c.objc; path = EAPICustomObjectView.m; sourceTree = "<group>"; };
		0A2ECB6816590F55002BC099 /* easy_api_logo.png */ = {isa = PBXFileReference; lastKnownFileType = image.png; path = easy_api_logo.png; sourceTree = "<group>"; };
		0A2ECB6B16591438002BC099 /* EAPIToolbarView.h */ = {isa = PBXFileReference; fileEncoding = 4; lastKnownFileType = sourcecode.c.h; path = EAPIToolbarView.h; sourceTree = "<group>"; };
		0A2ECB6C16591438002BC099 /* EAPIToolbarView.m */ = {isa = PBXFileReference; fileEncoding = 4; lastKnownFileType = sourcecode.c.objc; path = EAPIToolbarView.m; sourceTree = "<group>"; };
		0A2ECB6E165918B8002BC099 /* EAPIBottomToolbar.h */ = {isa = PBXFileReference; fileEncoding = 4; lastKnownFileType = sourcecode.c.h; path = EAPIBottomToolbar.h; sourceTree = "<group>"; };
		0A2ECB6F165918B8002BC099 /* EAPIBottomToolbar.m */ = {isa = PBXFileReference; fileEncoding = 4; lastKnownFileType = sourcecode.c.objc; path = EAPIBottomToolbar.m; sourceTree = "<group>"; };
		0A2ECB7116592530002BC099 /* EAPICustomObjectToolbarView.h */ = {isa = PBXFileReference; fileEncoding = 4; lastKnownFileType = sourcecode.c.h; path = EAPICustomObjectToolbarView.h; sourceTree = "<group>"; };
		0A2ECB7216592530002BC099 /* EAPICustomObjectToolbarView.m */ = {isa = PBXFileReference; fileEncoding = 4; lastKnownFileType = sourcecode.c.objc; path = EAPICustomObjectToolbarView.m; sourceTree = "<group>"; };
		0A5B0F7C16581BCD008F8DEE /* EASYAPIFrontEnd.app */ = {isa = PBXFileReference; explicitFileType = wrapper.application; includeInIndex = 0; path = EASYAPIFrontEnd.app; sourceTree = BUILT_PRODUCTS_DIR; };
		0A5B0F8016581BCD008F8DEE /* UIKit.framework */ = {isa = PBXFileReference; lastKnownFileType = wrapper.framework; name = UIKit.framework; path = System/Library/Frameworks/UIKit.framework; sourceTree = SDKROOT; };
		0A5B0F8216581BCD008F8DEE /* Foundation.framework */ = {isa = PBXFileReference; lastKnownFileType = wrapper.framework; name = Foundation.framework; path = System/Library/Frameworks/Foundation.framework; sourceTree = SDKROOT; };
		0A5B0F8416581BCD008F8DEE /* CoreGraphics.framework */ = {isa = PBXFileReference; lastKnownFileType = wrapper.framework; name = CoreGraphics.framework; path = System/Library/Frameworks/CoreGraphics.framework; sourceTree = SDKROOT; };
		0A5B0F8816581BCD008F8DEE /* EASYAPIFrontEnd-Info.plist */ = {isa = PBXFileReference; lastKnownFileType = text.plist.xml; path = "EASYAPIFrontEnd-Info.plist"; sourceTree = "<group>"; };
		0A5B0F8A16581BCD008F8DEE /* en */ = {isa = PBXFileReference; lastKnownFileType = text.plist.strings; name = en; path = en.lproj/InfoPlist.strings; sourceTree = "<group>"; };
		0A5B0F8C16581BCD008F8DEE /* main.m */ = {isa = PBXFileReference; lastKnownFileType = sourcecode.c.objc; path = main.m; sourceTree = "<group>"; };
		0A5B0F8E16581BCD008F8DEE /* EASYAPIFrontEnd-Prefix.pch */ = {isa = PBXFileReference; lastKnownFileType = sourcecode.c.h; path = "EASYAPIFrontEnd-Prefix.pch"; sourceTree = "<group>"; };
		0A5B0F8F16581BCD008F8DEE /* EAPIAppDelegate.h */ = {isa = PBXFileReference; lastKnownFileType = sourcecode.c.h; path = EAPIAppDelegate.h; sourceTree = "<group>"; };
		0A5B0F9016581BCD008F8DEE /* EAPIAppDelegate.m */ = {isa = PBXFileReference; lastKnownFileType = sourcecode.c.objc; path = EAPIAppDelegate.m; sourceTree = "<group>"; };
		0A5B0F9216581BCD008F8DEE /* Default.png */ = {isa = PBXFileReference; lastKnownFileType = image.png; path = Default.png; sourceTree = "<group>"; };
		0A5B0F9416581BCD008F8DEE /* Default@2x.png */ = {isa = PBXFileReference; lastKnownFileType = image.png; path = "Default@2x.png"; sourceTree = "<group>"; };
		0A5B0F9616581BCD008F8DEE /* Default-568h@2x.png */ = {isa = PBXFileReference; lastKnownFileType = image.png; path = "Default-568h@2x.png"; sourceTree = "<group>"; };
		0A5B0F9816581BCD008F8DEE /* EAPIViewController.h */ = {isa = PBXFileReference; lastKnownFileType = sourcecode.c.h; path = EAPIViewController.h; sourceTree = "<group>"; };
		0A5B0F9916581BCD008F8DEE /* EAPIViewController.m */ = {isa = PBXFileReference; lastKnownFileType = sourcecode.c.objc; path = EAPIViewController.m; sourceTree = "<group>"; };
		0A5B0F9C16581BCD008F8DEE /* en */ = {isa = PBXFileReference; lastKnownFileType = file.xib; name = en; path = en.lproj/EAPIViewController.xib; sourceTree = "<group>"; };
		0A5B0FA316581C5D008F8DEE /* EAPIKeyValueView.h */ = {isa = PBXFileReference; fileEncoding = 4; lastKnownFileType = sourcecode.c.h; path = EAPIKeyValueView.h; sourceTree = "<group>"; };
		0A5B0FA416581C5D008F8DEE /* EAPIKeyValueView.m */ = {isa = PBXFileReference; fileEncoding = 4; lastKnownFileType = sourcecode.c.objc; path = EAPIKeyValueView.m; sourceTree = "<group>"; };
		0A5B0FA716581C7D008F8DEE /* EAPIDictionaryView.h */ = {isa = PBXFileReference; fileEncoding = 4; lastKnownFileType = sourcecode.c.h; path = EAPIDictionaryView.h; sourceTree = "<group>"; };
		0A5B0FA816581C7D008F8DEE /* EAPIDictionaryView.m */ = {isa = PBXFileReference; fileEncoding = 4; lastKnownFileType = sourcecode.c.objc; path = EAPIDictionaryView.m; sourceTree = "<group>"; };
		0A5B0FAE16581CAE008F8DEE /* EAPIAddView.h */ = {isa = PBXFileReference; fileEncoding = 4; lastKnownFileType = sourcecode.c.h; path = EAPIAddView.h; sourceTree = "<group>"; };
		0A5B0FAF16581CAE008F8DEE /* EAPIAddView.m */ = {isa = PBXFileReference; fileEncoding = 4; lastKnownFileType = sourcecode.c.objc; path = EAPIAddView.m; sourceTree = "<group>"; };
		0A5B0FB116581CC8008F8DEE /* EAPIAddingPopoverViewViewController.h */ = {isa = PBXFileReference; fileEncoding = 4; lastKnownFileType = sourcecode.c.h; path = EAPIAddingPopoverViewViewController.h; sourceTree = "<group>"; };
		0A5B0FB216581CC8008F8DEE /* EAPIAddingPopoverViewViewController.m */ = {isa = PBXFileReference; fileEncoding = 4; lastKnownFileType = sourcecode.c.objc; path = EAPIAddingPopoverViewViewController.m; sourceTree = "<group>"; };
		77DB23681658BE030097F01A /* 1536x2008-frontPageeasyAPI.png */ = {isa = PBXFileReference; lastKnownFileType = image.png; path = "1536x2008-frontPageeasyAPI.png"; sourceTree = "<group>"; };
		77DB23691658BE030097F01A /* 768x1004-frontPageeasyAPI.png */ = {isa = PBXFileReference; lastKnownFileType = image.png; path = "768x1004-frontPageeasyAPI.png"; sourceTree = "<group>"; };
		77DB236C1658BE0F0097F01A /* logoeasyapi-144x144.png */ = {isa = PBXFileReference; lastKnownFileType = image.png; path = "logoeasyapi-144x144.png"; sourceTree = "<group>"; };
		77DB236E1658BE230097F01A /* Default-Portrait~ipad.png */ = {isa = PBXFileReference; lastKnownFileType = image.png; path = "Default-Portrait~ipad.png"; sourceTree = "<group>"; };
		77DB23701658BE2B0097F01A /* Default-Portrait@2x~ipad.png */ = {isa = PBXFileReference; lastKnownFileType = image.png; path = "Default-Portrait@2x~ipad.png"; sourceTree = "<group>"; };
		77DB23721658BE570097F01A /* logoeasyapi.png */ = {isa = PBXFileReference; lastKnownFileType = image.png; path = logoeasyapi.png; sourceTree = "<group>"; };
/* End PBXFileReference section */

/* Begin PBXFrameworksBuildPhase section */
		0A5B0F7916581BCD008F8DEE /* Frameworks */ = {
			isa = PBXFrameworksBuildPhase;
			buildActionMask = 2147483647;
			files = (
				0A2ECB441658677D002BC099 /* SystemConfiguration.framework in Frameworks */,
				0A5B0F8116581BCD008F8DEE /* UIKit.framework in Frameworks */,
				0A5B0F8316581BCD008F8DEE /* Foundation.framework in Frameworks */,
				0A5B0F8516581BCD008F8DEE /* CoreGraphics.framework in Frameworks */,
			);
			runOnlyForDeploymentPostprocessing = 0;
		};
/* End PBXFrameworksBuildPhase section */

/* Begin PBXGroup section */
		0A2ECB4B165884E6002BC099 /* CustomObjects */ = {
			isa = PBXGroup;
			children = (
				0A2ECB4816588456002BC099 /* EAPICreateCustomObjectViewController.h */,
				0A2ECB4916588456002BC099 /* EAPICreateCustomObjectViewController.m */,
			);
			name = CustomObjects;
			sourceTree = "<group>";
		};
		0A2ECB4C165884F9002BC099 /* Endpoint Creation */ = {
			isa = PBXGroup;
			children = (
				0A5B0F9816581BCD008F8DEE /* EAPIViewController.h */,
				0A5B0F9916581BCD008F8DEE /* EAPIViewController.m */,
				0A5B0F9B16581BCD008F8DEE /* EAPIViewController.xib */,
			);
			name = "Endpoint Creation";
			sourceTree = "<group>";
		};
		0A2ECB6A16591427002BC099 /* Toolbar */ = {
			isa = PBXGroup;
			children = (
				0A2ECB6B16591438002BC099 /* EAPIToolbarView.h */,
				0A2ECB6C16591438002BC099 /* EAPIToolbarView.m */,
				0A2ECB6E165918B8002BC099 /* EAPIBottomToolbar.h */,
				0A2ECB6F165918B8002BC099 /* EAPIBottomToolbar.m */,
				0A2ECB7116592530002BC099 /* EAPICustomObjectToolbarView.h */,
				0A2ECB7216592530002BC099 /* EAPICustomObjectToolbarView.m */,
			);
			name = Toolbar;
			sourceTree = "<group>";
		};
		0A5B0F7116581BCD008F8DEE = {
			isa = PBXGroup;
			children = (
				77DB23701658BE2B0097F01A /* Default-Portrait@2x~ipad.png */,
				77DB236E1658BE230097F01A /* Default-Portrait~ipad.png */,
				0A2ECB431658677D002BC099 /* SystemConfiguration.framework */,
				0A5B0F8616581BCD008F8DEE /* EASYAPIFrontEnd */,
				0A5B0F7F16581BCD008F8DEE /* Frameworks */,
				0A5B0F7D16581BCD008F8DEE /* Products */,
			);
			sourceTree = "<group>";
		};
		0A5B0F7D16581BCD008F8DEE /* Products */ = {
			isa = PBXGroup;
			children = (
				0A5B0F7C16581BCD008F8DEE /* EASYAPIFrontEnd.app */,
			);
			name = Products;
			sourceTree = "<group>";
		};
		0A5B0F7F16581BCD008F8DEE /* Frameworks */ = {
			isa = PBXGroup;
			children = (
				0A5B0F8016581BCD008F8DEE /* UIKit.framework */,
				0A5B0F8216581BCD008F8DEE /* Foundation.framework */,
				0A5B0F8416581BCD008F8DEE /* CoreGraphics.framework */,
			);
			name = Frameworks;
			sourceTree = "<group>";
		};
		0A5B0F8616581BCD008F8DEE /* EASYAPIFrontEnd */ = {
			isa = PBXGroup;
			children = (
				0A2ECB6A16591427002BC099 /* Toolbar */,
				77DB23661658BDBB0097F01A /* Images */,
				0A2ECB4C165884F9002BC099 /* Endpoint Creation */,
				0A2ECB4B165884E6002BC099 /* CustomObjects */,
				0A5B0FAD16581C98008F8DEE /* Adding */,
				0A5B0FA616581C63008F8DEE /* Object Views */,
				0A5B0F8F16581BCD008F8DEE /* EAPIAppDelegate.h */,
				0A5B0F9016581BCD008F8DEE /* EAPIAppDelegate.m */,
				0A2ECB4D1658AD28002BC099 /* UIColor+Hex.h */,
				0A2ECB4E1658AD28002BC099 /* UIColor+Hex.m */,
				0A2ECB3C165861B4002BC099 /* JSONKit.h */,
				0A2ECB3D165861B4002BC099 /* JSONKit.m */,
				0A2ECB401658664B002BC099 /* ESPNNetworkingManager.h */,
				0A2ECB411658664B002BC099 /* ESPNNetworkingManager.m */,
				0A2ECB6816590F55002BC099 /* easy_api_logo.png */,
				0A2ECB631658CC96002BC099 /* submit_button.png */,
				0A2ECB611658CC7D002BC099 /* clear_button.png */,
				0A5B0F8716581BCD008F8DEE /* Supporting Files */,
			);
			path = EASYAPIFrontEnd;
			sourceTree = "<group>";
		};
		0A5B0F8716581BCD008F8DEE /* Supporting Files */ = {
			isa = PBXGroup;
			children = (
				0A5B0F8816581BCD008F8DEE /* EASYAPIFrontEnd-Info.plist */,
				0A5B0F8916581BCD008F8DEE /* InfoPlist.strings */,
				0A5B0F8C16581BCD008F8DEE /* main.m */,
				0A5B0F8E16581BCD008F8DEE /* EASYAPIFrontEnd-Prefix.pch */,
				0A5B0F9216581BCD008F8DEE /* Default.png */,
				0A5B0F9416581BCD008F8DEE /* Default@2x.png */,
				0A5B0F9616581BCD008F8DEE /* Default-568h@2x.png */,
			);
			name = "Supporting Files";
			sourceTree = "<group>";
		};
		0A5B0FA616581C63008F8DEE /* Object Views */ = {
			isa = PBXGroup;
			children = (
				0A5B0FA316581C5D008F8DEE /* EAPIKeyValueView.h */,
				0A5B0FA416581C5D008F8DEE /* EAPIKeyValueView.m */,
				0A5B0FA716581C7D008F8DEE /* EAPIDictionaryView.h */,
				0A5B0FA816581C7D008F8DEE /* EAPIDictionaryView.m */,
				0A2ECB651658F37C002BC099 /* EAPICustomObjectView.h */,
				0A2ECB661658F37C002BC099 /* EAPICustomObjectView.m */,
			);
			name = "Object Views";
			sourceTree = "<group>";
		};
		0A5B0FAD16581C98008F8DEE /* Adding */ = {
			isa = PBXGroup;
			children = (
				0A5B0FAE16581CAE008F8DEE /* EAPIAddView.h */,
				0A5B0FAF16581CAE008F8DEE /* EAPIAddView.m */,
				0A5B0FB116581CC8008F8DEE /* EAPIAddingPopoverViewViewController.h */,
				0A5B0FB216581CC8008F8DEE /* EAPIAddingPopoverViewViewController.m */,
			);
			name = Adding;
			sourceTree = "<group>";
		};
		77DB23661658BDBB0097F01A /* Images */ = {
			isa = PBXGroup;
			children = (
				77DB23721658BE570097F01A /* logoeasyapi.png */,
				77DB236C1658BE0F0097F01A /* logoeasyapi-144x144.png */,
				77DB23681658BE030097F01A /* 1536x2008-frontPageeasyAPI.png */,
				77DB23691658BE030097F01A /* 768x1004-frontPageeasyAPI.png */,
			);
			name = Images;
			sourceTree = "<group>";
		};
/* End PBXGroup section */

/* Begin PBXNativeTarget section */
		0A5B0F7B16581BCD008F8DEE /* EASYAPIFrontEnd */ = {
			isa = PBXNativeTarget;
			buildConfigurationList = 0A5B0FA016581BCD008F8DEE /* Build configuration list for PBXNativeTarget "EASYAPIFrontEnd" */;
			buildPhases = (
				0A5B0F7816581BCD008F8DEE /* Sources */,
				0A5B0F7916581BCD008F8DEE /* Frameworks */,
				0A5B0F7A16581BCD008F8DEE /* Resources */,
			);
			buildRules = (
			);
			dependencies = (
			);
			name = EASYAPIFrontEnd;
			productName = EASYAPIFrontEnd;
			productReference = 0A5B0F7C16581BCD008F8DEE /* EASYAPIFrontEnd.app */;
			productType = "com.apple.product-type.application";
		};
/* End PBXNativeTarget section */

/* Begin PBXProject section */
		0A5B0F7316581BCD008F8DEE /* Project object */ = {
			isa = PBXProject;
			attributes = {
				CLASSPREFIX = EAPI;
				LastUpgradeCheck = 0450;
				ORGANIZATIONNAME = EAPI;
			};
			buildConfigurationList = 0A5B0F7616581BCD008F8DEE /* Build configuration list for PBXProject "EASYAPIFrontEnd" */;
			compatibilityVersion = "Xcode 3.2";
			developmentRegion = English;
			hasScannedForEncodings = 0;
			knownRegions = (
				en,
			);
			mainGroup = 0A5B0F7116581BCD008F8DEE;
			productRefGroup = 0A5B0F7D16581BCD008F8DEE /* Products */;
			projectDirPath = "";
			projectRoot = "";
			targets = (
				0A5B0F7B16581BCD008F8DEE /* EASYAPIFrontEnd */,
			);
		};
/* End PBXProject section */

/* Begin PBXResourcesBuildPhase section */
		0A5B0F7A16581BCD008F8DEE /* Resources */ = {
			isa = PBXResourcesBuildPhase;
			buildActionMask = 2147483647;
			files = (
				0A5B0F8B16581BCD008F8DEE /* InfoPlist.strings in Resources */,
				0A5B0F9316581BCD008F8DEE /* Default.png in Resources */,
				0A5B0F9516581BCD008F8DEE /* Default@2x.png in Resources */,
				0A5B0F9716581BCD008F8DEE /* Default-568h@2x.png in Resources */,
				0A5B0F9D16581BCD008F8DEE /* EAPIViewController.xib in Resources */,
				0A2ECB621658CC7D002BC099 /* clear_button.png in Resources */,
				0A2ECB641658CC96002BC099 /* submit_button.png in Resources */,
				0A2ECB6916590F55002BC099 /* easy_api_logo.png in Resources */,
				77DB236A1658BE030097F01A /* 1536x2008-frontPageeasyAPI.png in Resources */,
				77DB236B1658BE030097F01A /* 768x1004-frontPageeasyAPI.png in Resources */,
				77DB236D1658BE0F0097F01A /* logoeasyapi-144x144.png in Resources */,
				77DB236F1658BE230097F01A /* Default-Portrait~ipad.png in Resources */,
				77DB23711658BE2B0097F01A /* Default-Portrait@2x~ipad.png in Resources */,
				77DB23731658BE570097F01A /* logoeasyapi.png in Resources */,
			);
			runOnlyForDeploymentPostprocessing = 0;
		};
/* End PBXResourcesBuildPhase section */

/* Begin PBXSourcesBuildPhase section */
		0A5B0F7816581BCD008F8DEE /* Sources */ = {
			isa = PBXSourcesBuildPhase;
			buildActionMask = 2147483647;
			files = (
				0A5B0F8D16581BCD008F8DEE /* main.m in Sources */,
				0A5B0F9116581BCD008F8DEE /* EAPIAppDelegate.m in Sources */,
				0A5B0F9A16581BCD008F8DEE /* EAPIViewController.m in Sources */,
				0A5B0FA516581C5D008F8DEE /* EAPIKeyValueView.m in Sources */,
				0A5B0FA916581C7D008F8DEE /* EAPIDictionaryView.m in Sources */,
				0A5B0FB016581CAE008F8DEE /* EAPIAddView.m in Sources */,
				0A5B0FB316581CC8008F8DEE /* EAPIAddingPopoverViewViewController.m in Sources */,
				0A2ECB3E165861B4002BC099 /* JSONKit.m in Sources */,
				0A2ECB421658664B002BC099 /* ESPNNetworkingManager.m in Sources */,
				0A2ECB4A16588456002BC099 /* EAPICreateCustomObjectViewController.m in Sources */,
				0A2ECB4F1658AD28002BC099 /* UIColor+Hex.m in Sources */,
				0A2ECB671658F37C002BC099 /* EAPICustomObjectView.m in Sources */,
				0A2ECB6D16591438002BC099 /* EAPIToolbarView.m in Sources */,
				0A2ECB70165918B8002BC099 /* EAPIBottomToolbar.m in Sources */,
				0A2ECB7316592531002BC099 /* EAPICustomObjectToolbarView.m in Sources */,
			);
			runOnlyForDeploymentPostprocessing = 0;
		};
/* End PBXSourcesBuildPhase section */

/* Begin PBXVariantGroup section */
		0A5B0F8916581BCD008F8DEE /* InfoPlist.strings */ = {
			isa = PBXVariantGroup;
			children = (
				0A5B0F8A16581BCD008F8DEE /* en */,
			);
			name = InfoPlist.strings;
			sourceTree = "<group>";
		};
		0A5B0F9B16581BCD008F8DEE /* EAPIViewController.xib */ = {
			isa = PBXVariantGroup;
			children = (
				0A5B0F9C16581BCD008F8DEE /* en */,
			);
			name = EAPIViewController.xib;
			sourceTree = "<group>";
		};
/* End PBXVariantGroup section */

/* Begin XCBuildConfiguration section */
		0A5B0F9E16581BCD008F8DEE /* Debug */ = {
			isa = XCBuildConfiguration;
			buildSettings = {
				ALWAYS_SEARCH_USER_PATHS = NO;
				CLANG_CXX_LANGUAGE_STANDARD = "gnu++0x";
				CLANG_CXX_LIBRARY = "libc++";
				CLANG_WARN_EMPTY_BODY = YES;
				CLANG_WARN__DUPLICATE_METHOD_MATCH = YES;
				"CODE_SIGN_IDENTITY[sdk=iphoneos*]" = "iPhone Developer";
				COPY_PHASE_STRIP = NO;
				GCC_C_LANGUAGE_STANDARD = gnu99;
				GCC_DYNAMIC_NO_PIC = NO;
				GCC_OPTIMIZATION_LEVEL = 0;
				GCC_PREPROCESSOR_DEFINITIONS = (
					"DEBUG=1",
					"$(inherited)",
				);
				GCC_SYMBOLS_PRIVATE_EXTERN = NO;
				GCC_WARN_ABOUT_RETURN_TYPE = YES;
				GCC_WARN_UNINITIALIZED_AUTOS = YES;
				GCC_WARN_UNUSED_VARIABLE = YES;
				IPHONEOS_DEPLOYMENT_TARGET = 6.0;
				ONLY_ACTIVE_ARCH = YES;
				SDKROOT = iphoneos;
				TARGETED_DEVICE_FAMILY = 2;
			};
			name = Debug;
		};
		0A5B0F9F16581BCD008F8DEE /* Release */ = {
			isa = XCBuildConfiguration;
			buildSettings = {
				ALWAYS_SEARCH_USER_PATHS = NO;
				CLANG_CXX_LANGUAGE_STANDARD = "gnu++0x";
				CLANG_CXX_LIBRARY = "libc++";
				CLANG_WARN_EMPTY_BODY = YES;
				CLANG_WARN__DUPLICATE_METHOD_MATCH = YES;
				"CODE_SIGN_IDENTITY[sdk=iphoneos*]" = "iPhone Developer";
				COPY_PHASE_STRIP = YES;
				GCC_C_LANGUAGE_STANDARD = gnu99;
				GCC_WARN_ABOUT_RETURN_TYPE = YES;
				GCC_WARN_UNINITIALIZED_AUTOS = YES;
				GCC_WARN_UNUSED_VARIABLE = YES;
				IPHONEOS_DEPLOYMENT_TARGET = 6.0;
				OTHER_CFLAGS = "-DNS_BLOCK_ASSERTIONS=1";
				SDKROOT = iphoneos;
				TARGETED_DEVICE_FAMILY = 2;
				VALIDATE_PRODUCT = YES;
			};
			name = Release;
		};
		0A5B0FA116581BCD008F8DEE /* Debug */ = {
			isa = XCBuildConfiguration;
			buildSettings = {
				"CODE_SIGN_IDENTITY[sdk=iphoneos*]" = "iPhone Distribution: ESPN Enterprises, Inc.";
				GCC_PRECOMPILE_PREFIX_HEADER = YES;
				GCC_PREFIX_HEADER = "EASYAPIFrontEnd/EASYAPIFrontEnd-Prefix.pch";
				INFOPLIST_FILE = "EASYAPIFrontEnd/EASYAPIFrontEnd-Info.plist";
				PRODUCT_NAME = "$(TARGET_NAME)";
				"PROVISIONING_PROFILE[sdk=iphoneos*]" = "97976E98-1F3E-4EBF-99EC-9482F17F20D8";
				WRAPPER_EXTENSION = app;
			};
			name = Debug;
		};
		0A5B0FA216581BCD008F8DEE /* Release */ = {
			isa = XCBuildConfiguration;
			buildSettings = {
				"CODE_SIGN_IDENTITY[sdk=iphoneos*]" = "iPhone Distribution: ESPN Enterprises, Inc.";
				GCC_PRECOMPILE_PREFIX_HEADER = YES;
				GCC_PREFIX_HEADER = "EASYAPIFrontEnd/EASYAPIFrontEnd-Prefix.pch";
				INFOPLIST_FILE = "EASYAPIFrontEnd/EASYAPIFrontEnd-Info.plist";
				PRODUCT_NAME = "$(TARGET_NAME)";
				"PROVISIONING_PROFILE[sdk=iphoneos*]" = "97976E98-1F3E-4EBF-99EC-9482F17F20D8";
				WRAPPER_EXTENSION = app;
			};
			name = Release;
		};
/* End XCBuildConfiguration section */

/* Begin XCConfigurationList section */
		0A5B0F7616581BCD008F8DEE /* Build configuration list for PBXProject "EASYAPIFrontEnd" */ = {
			isa = XCConfigurationList;
			buildConfigurations = (
				0A5B0F9E16581BCD008F8DEE /* Debug */,
				0A5B0F9F16581BCD008F8DEE /* Release */,
			);
			defaultConfigurationIsVisible = 0;
			defaultConfigurationName = Release;
		};
		0A5B0FA016581BCD008F8DEE /* Build configuration list for PBXNativeTarget "EASYAPIFrontEnd" */ = {
			isa = XCConfigurationList;
			buildConfigurations = (
				0A5B0FA116581BCD008F8DEE /* Debug */,
				0A5B0FA216581BCD008F8DEE /* Release */,
			);
			defaultConfigurationIsVisible = 0;
			defaultConfigurationName = Release;
		};
/* End XCConfigurationList section */
	};
	rootObject = 0A5B0F7316581BCD008F8DEE /* Project object */;
}
