// !$*UTF8*$!
{
	archiveVersion = 1;
	classes = {
	};
	objectVersion = 46;
	objects = {

/* Begin PBXBuildFile section */
		0A5B0F8116581BCD008F8DEE /* UIKit.framework in Frameworks */ = {isa = PBXBuildFile; fileRef = 0A5B0F8016581BCD008F8DEE /* UIKit.framework */; };
		0A5B0F8316581BCD008F8DEE /* Foundation.framework in Frameworks */ = {isa = PBXBuildFile; fileRef = 0A5B0F8216581BCD008F8DEE /* Foundation.framework */; };
		0A5B0F8516581BCD008F8DEE /* CoreGraphics.framework in Frameworks */ = {isa = PBXBuildFile; fileRef = 0A5B0F8416581BCD008F8DEE /* CoreGraphics.framework */; };
		0A5B0F8B16581BCD008F8DEE /* InfoPlist.strings in Resources */ = {isa = PBXBuildFile; fileRef = 0A5B0F8916581BCD008F8DEE /* InfoPlist.strings */; };
		0A5B0F8D16581BCD008F8DEE /* main.m in Sources */ = {isa = PBXBuildFile; fileRef = 0A5B0F8C16581BCD008F8DEE /* main.m */; };
		0A5B0F9116581BCD008F8DEE /* EAPIAppDelegate.m in Sources */ = {isa = PBXBuildFile; fileRef = 0A5B0F9016581BCD008F8DEE /* EAPIAppDelegate.m */; };
		0A5B0F9316581BCD008F8DEE /* Default.png in Resources */ = {isa = PBXBuildFile; fileRef = 0A5B0F9216581BCD008F8DEE /* Default.png */; };
		0A5B0F9516581BCD008F8DEE /* Default@2x.png in Resources */ = {isa = PBXBuildFile; fileRef = 0A5B0F9416581BCD008F8DEE /* Default@2x.png */; };
		0A5B0F9716581BCD008F8DEE /* Default-568h@2x.png in Resources */ = {isa = PBXBuildFile; fileRef = 0A5B0F9616581BCD008F8DEE /* Default-568h@2x.png */; };
		0A5B0F9A16581BCD008F8DEE /* EAPIViewController.m in Sources */ = {isa = PBXBuildFile; fileRef = 0A5B0F9916581BCD008F8DEE /* EAPIViewController.m */; };
		0A5B0F9D16581BCD008F8DEE /* EAPIViewController.xib in Resources */ = {isa = PBXBuildFile; fileRef = 0A5B0F9B16581BCD008F8DEE /* EAPIViewController.xib */; };
		77BDA059165836C2005FE47B /* logoeasyapi.png in Resources */ = {isa = PBXBuildFile; fileRef = 77BDA058165836C2005FE47B /* logoeasyapi.png */; };
		77BDA05C1658371D005FE47B /* logoeasyapi-144x144.png in Resources */ = {isa = PBXBuildFile; fileRef = 77BDA05B1658371D005FE47B /* logoeasyapi-144x144.png */; };
		77BDA05F16583ADC005FE47B /* Default-Portrait~ipad.png in Resources */ = {isa = PBXBuildFile; fileRef = 77BDA05E16583ADC005FE47B /* Default-Portrait~ipad.png */; };
		77BDA06116583B1E005FE47B /* Default-Portrait@2x~ipad.png in Resources */ = {isa = PBXBuildFile; fileRef = 77BDA06016583B1E005FE47B /* Default-Portrait@2x~ipad.png */; };
/* End PBXBuildFile section */

/* Begin PBXFileReference section */
		0A5B0F7C16581BCD008F8DEE /* EASYAPIFrontEnd.app */ = {isa = PBXFileReference; explicitFileType = wrapper.application; includeInIndex = 0; path = EASYAPIFrontEnd.app; sourceTree = BUILT_PRODUCTS_DIR; };
		0A5B0F8016581BCD008F8DEE /* UIKit.framework */ = {isa = PBXFileReference; lastKnownFileType = wrapper.framework; name = UIKit.framework; path = System/Library/Frameworks/UIKit.framework; sourceTree = SDKROOT; };
		0A5B0F8216581BCD008F8DEE /* Foundation.framework */ = {isa = PBXFileReference; lastKnownFileType = wrapper.framework; name = Foundation.framework; path = System/Library/Frameworks/Foundation.framework; sourceTree = SDKROOT; };
		0A5B0F8416581BCD008F8DEE /* CoreGraphics.framework */ = {isa = PBXFileReference; lastKnownFileType = wrapper.framework; name = CoreGraphics.framework; path = System/Library/Frameworks/CoreGraphics.framework; sourceTree = SDKROOT; };
		0A5B0F8816581BCD008F8DEE /* EASYAPIFrontEnd-Info.plist */ = {isa = PBXFileReference; lastKnownFileType = text.plist.xml; path = "EASYAPIFrontEnd-Info.plist"; sourceTree = "<group>"; };
		0A5B0F8A16581BCD008F8DEE /* en */ = {isa = PBXFileReference; lastKnownFileType = text.plist.strings; name = en; path = en.lproj/InfoPlist.strings; sourceTree = "<group>"; };
		0A5B0F8C16581BCD008F8DEE /* main.m */ = {isa = PBXFileReference; lastKnownFileType = sourcecode.c.objc; path = main.m; sourceTree = "<group>"; };
		0A5B0F8E16581BCD008F8DEE /* EASYAPIFrontEnd-Prefix.pch */ = {isa = PBXFileReference; lastKnownFileType = sourcecode.c.h; path = "EASYAPIFrontEnd-Prefix.pch"; sourceTree = "<group>"; };
		0A5B0F8F16581BCD008F8DEE /* EAPIAppDelegate.h */ = {isa = PBXFileReference; lastKnownFileType = sourcecode.c.h; path = EAPIAppDelegate.h; sourceTree = "<group>"; };
		0A5B0F9016581BCD008F8DEE /* EAPIAppDelegate.m */ = {isa = PBXFileReference; lastKnownFileType = sourcecode.c.objc; path = EAPIAppDelegate.m; sourceTree = "<group>"; };
		0A5B0F9216581BCD008F8DEE /* Default.png */ = {isa = PBXFileReference; lastKnownFileType = image.png; path = Default.png; sourceTree = "<group>"; };
		0A5B0F9416581BCD008F8DEE /* Default@2x.png */ = {isa = PBXFileReference; lastKnownFileType = image.png; path = "Default@2x.png"; sourceTree = "<group>"; };
		0A5B0F9616581BCD008F8DEE /* Default-568h@2x.png */ = {isa = PBXFileReference; lastKnownFileType = image.png; path = "Default-568h@2x.png"; sourceTree = "<group>"; };
		0A5B0F9816581BCD008F8DEE /* EAPIViewController.h */ = {isa = PBXFileReference; lastKnownFileType = sourcecode.c.h; path = EAPIViewController.h; sourceTree = "<group>"; };
		0A5B0F9916581BCD008F8DEE /* EAPIViewController.m */ = {isa = PBXFileReference; lastKnownFileType = sourcecode.c.objc; path = EAPIViewController.m; sourceTree = "<group>"; };
		0A5B0F9C16581BCD008F8DEE /* en */ = {isa = PBXFileReference; lastKnownFileType = file.xib; name = en; path = en.lproj/EAPIViewController.xib; sourceTree = "<group>"; };
		77BDA058165836C2005FE47B /* logoeasyapi.png */ = {isa = PBXFileReference; lastKnownFileType = image.png; name = logoeasyapi.png; path = ../logoeasyapi.png; sourceTree = "<group>"; };
		77BDA05B1658371D005FE47B /* logoeasyapi-144x144.png */ = {isa = PBXFileReference; lastKnownFileType = image.png; name = "logoeasyapi-144x144.png"; path = "../logoeasyapi-144x144.png"; sourceTree = "<group>"; };
		77BDA05E16583ADC005FE47B /* Default-Portrait~ipad.png */ = {isa = PBXFileReference; lastKnownFileType = image.png; name = "Default-Portrait~ipad.png"; path = "../Default-Portrait~ipad.png"; sourceTree = "<group>"; };
		77BDA06016583B1E005FE47B /* Default-Portrait@2x~ipad.png */ = {isa = PBXFileReference; lastKnownFileType = image.png; name = "Default-Portrait@2x~ipad.png"; path = "../Default-Portrait@2x~ipad.png"; sourceTree = "<group>"; };
/* End PBXFileReference section */

/* Begin PBXFrameworksBuildPhase section */
		0A5B0F7916581BCD008F8DEE /* Frameworks */ = {
			isa = PBXFrameworksBuildPhase;
			buildActionMask = 2147483647;
			files = (
				0A5B0F8116581BCD008F8DEE /* UIKit.framework in Frameworks */,
				0A5B0F8316581BCD008F8DEE /* Foundation.framework in Frameworks */,
				0A5B0F8516581BCD008F8DEE /* CoreGraphics.framework in Frameworks */,
			);
			runOnlyForDeploymentPostprocessing = 0;
		};
/* End PBXFrameworksBuildPhase section */

/* Begin PBXGroup section */
		0A5B0F7116581BCD008F8DEE = {
			isa = PBXGroup;
			children = (
				0A5B0F8616581BCD008F8DEE /* EASYAPIFrontEnd */,
				0A5B0F7F16581BCD008F8DEE /* Frameworks */,
				0A5B0F7D16581BCD008F8DEE /* Products */,
			);
			sourceTree = "<group>";
		};
		0A5B0F7D16581BCD008F8DEE /* Products */ = {
			isa = PBXGroup;
			children = (
				0A5B0F7C16581BCD008F8DEE /* EASYAPIFrontEnd.app */,
			);
			name = Products;
			sourceTree = "<group>";
		};
		0A5B0F7F16581BCD008F8DEE /* Frameworks */ = {
			isa = PBXGroup;
			children = (
				0A5B0F8016581BCD008F8DEE /* UIKit.framework */,
				0A5B0F8216581BCD008F8DEE /* Foundation.framework */,
				0A5B0F8416581BCD008F8DEE /* CoreGraphics.framework */,
			);
			name = Frameworks;
			sourceTree = "<group>";
		};
		0A5B0F8616581BCD008F8DEE /* EASYAPIFrontEnd */ = {
			isa = PBXGroup;
			children = (
				77BDA05D16583730005FE47B /* Images */,
				0A5B0F8F16581BCD008F8DEE /* EAPIAppDelegate.h */,
				0A5B0F9016581BCD008F8DEE /* EAPIAppDelegate.m */,
				0A5B0F9816581BCD008F8DEE /* EAPIViewController.h */,
				0A5B0F9916581BCD008F8DEE /* EAPIViewController.m */,
				0A5B0F9B16581BCD008F8DEE /* EAPIViewController.xib */,
				0A5B0F8716581BCD008F8DEE /* Supporting Files */,
			);
			path = EASYAPIFrontEnd;
			sourceTree = "<group>";
		};
		0A5B0F8716581BCD008F8DEE /* Supporting Files */ = {
			isa = PBXGroup;
			children = (
				0A5B0F8816581BCD008F8DEE /* EASYAPIFrontEnd-Info.plist */,
				0A5B0F8916581BCD008F8DEE /* InfoPlist.strings */,
				0A5B0F8C16581BCD008F8DEE /* main.m */,
				0A5B0F8E16581BCD008F8DEE /* EASYAPIFrontEnd-Prefix.pch */,
				0A5B0F9216581BCD008F8DEE /* Default.png */,
				0A5B0F9416581BCD008F8DEE /* Default@2x.png */,
				0A5B0F9616581BCD008F8DEE /* Default-568h@2x.png */,
			);
			name = "Supporting Files";
			sourceTree = "<group>";
		};
		77BDA05D16583730005FE47B /* Images */ = {
			isa = PBXGroup;
			children = (
				77BDA06016583B1E005FE47B /* Default-Portrait@2x~ipad.png */,
				77BDA05E16583ADC005FE47B /* Default-Portrait~ipad.png */,
				77BDA05B1658371D005FE47B /* logoeasyapi-144x144.png */,
				77BDA058165836C2005FE47B /* logoeasyapi.png */,
			);
			name = Images;
			sourceTree = "<group>";
		};
/* End PBXGroup section */

/* Begin PBXNativeTarget section */
		0A5B0F7B16581BCD008F8DEE /* EASYAPIFrontEnd */ = {
			isa = PBXNativeTarget;
			buildConfigurationList = 0A5B0FA016581BCD008F8DEE /* Build configuration list for PBXNativeTarget "EASYAPIFrontEnd" */;
			buildPhases = (
				0A5B0F7816581BCD008F8DEE /* Sources */,
				0A5B0F7916581BCD008F8DEE /* Frameworks */,
				0A5B0F7A16581BCD008F8DEE /* Resources */,
			);
			buildRules = (
			);
			dependencies = (
			);
			name = EASYAPIFrontEnd;
			productName = EASYAPIFrontEnd;
			productReference = 0A5B0F7C16581BCD008F8DEE /* EASYAPIFrontEnd.app */;
			productType = "com.apple.product-type.application";
		};
/* End PBXNativeTarget section */

/* Begin PBXProject section */
		0A5B0F7316581BCD008F8DEE /* Project object */ = {
			isa = PBXProject;
			attributes = {
				CLASSPREFIX = EAPI;
				LastUpgradeCheck = 0450;
				ORGANIZATIONNAME = EAPI;
			};
			buildConfigurationList = 0A5B0F7616581BCD008F8DEE /* Build configuration list for PBXProject "EASYAPIFrontEnd" */;
			compatibilityVersion = "Xcode 3.2";
			developmentRegion = English;
			hasScannedForEncodings = 0;
			knownRegions = (
				en,
			);
			mainGroup = 0A5B0F7116581BCD008F8DEE;
			productRefGroup = 0A5B0F7D16581BCD008F8DEE /* Products */;
			projectDirPath = "";
			projectRoot = "";
			targets = (
				0A5B0F7B16581BCD008F8DEE /* EASYAPIFrontEnd */,
			);
		};
/* End PBXProject section */

/* Begin PBXResourcesBuildPhase section */
		0A5B0F7A16581BCD008F8DEE /* Resources */ = {
			isa = PBXResourcesBuildPhase;
			buildActionMask = 2147483647;
			files = (
				0A5B0F8B16581BCD008F8DEE /* InfoPlist.strings in Resources */,
				0A5B0F9316581BCD008F8DEE /* Default.png in Resources */,
				0A5B0F9516581BCD008F8DEE /* Default@2x.png in Resources */,
				0A5B0F9716581BCD008F8DEE /* Default-568h@2x.png in Resources */,
				0A5B0F9D16581BCD008F8DEE /* EAPIViewController.xib in Resources */,
				77BDA059165836C2005FE47B /* logoeasyapi.png in Resources */,
				77BDA05C1658371D005FE47B /* logoeasyapi-144x144.png in Resources */,
				77BDA05F16583ADC005FE47B /* Default-Portrait~ipad.png in Resources */,
				77BDA06116583B1E005FE47B /* Default-Portrait@2x~ipad.png in Resources */,
			);
			runOnlyForDeploymentPostprocessing = 0;
		};
/* End PBXResourcesBuildPhase section */

/* Begin PBXSourcesBuildPhase section */
		0A5B0F7816581BCD008F8DEE /* Sources */ = {
			isa = PBXSourcesBuildPhase;
			buildActionMask = 2147483647;
			files = (
				0A5B0F8D16581BCD008F8DEE /* main.m in Sources */,
				0A5B0F9116581BCD008F8DEE /* EAPIAppDelegate.m in Sources */,
				0A5B0F9A16581BCD008F8DEE /* EAPIViewController.m in Sources */,
			);
			runOnlyForDeploymentPostprocessing = 0;
		};
/* End PBXSourcesBuildPhase section */

/* Begin PBXVariantGroup section */
		0A5B0F8916581BCD008F8DEE /* InfoPlist.strings */ = {
			isa = PBXVariantGroup;
			children = (
				0A5B0F8A16581BCD008F8DEE /* en */,
			);
			name = InfoPlist.strings;
			sourceTree = "<group>";
		};
		0A5B0F9B16581BCD008F8DEE /* EAPIViewController.xib */ = {
			isa = PBXVariantGroup;
			children = (
				0A5B0F9C16581BCD008F8DEE /* en */,
			);
			name = EAPIViewController.xib;
			sourceTree = "<group>";
		};
/* End PBXVariantGroup section */

/* Begin XCBuildConfiguration section */
		0A5B0F9E16581BCD008F8DEE /* Debug */ = {
			isa = XCBuildConfiguration;
			buildSettings = {
				ALWAYS_SEARCH_USER_PATHS = NO;
				CLANG_CXX_LANGUAGE_STANDARD = "gnu++0x";
				CLANG_CXX_LIBRARY = "libc++";
				CLANG_WARN_EMPTY_BODY = YES;
				CLANG_WARN__DUPLICATE_METHOD_MATCH = YES;
				"CODE_SIGN_IDENTITY[sdk=iphoneos*]" = "iPhone Developer";
				COPY_PHASE_STRIP = NO;
				GCC_C_LANGUAGE_STANDARD = gnu99;
				GCC_DYNAMIC_NO_PIC = NO;
				GCC_OPTIMIZATION_LEVEL = 0;
				GCC_PREPROCESSOR_DEFINITIONS = (
					"DEBUG=1",
					"$(inherited)",
				);
				GCC_SYMBOLS_PRIVATE_EXTERN = NO;
				GCC_WARN_ABOUT_RETURN_TYPE = YES;
				GCC_WARN_UNINITIALIZED_AUTOS = YES;
				GCC_WARN_UNUSED_VARIABLE = YES;
				IPHONEOS_DEPLOYMENT_TARGET = 6.0;
				ONLY_ACTIVE_ARCH = YES;
				SDKROOT = iphoneos;
				TARGETED_DEVICE_FAMILY = 2;
			};
			name = Debug;
		};
		0A5B0F9F16581BCD008F8DEE /* Release */ = {
			isa = XCBuildConfiguration;
			buildSettings = {
				ALWAYS_SEARCH_USER_PATHS = NO;
				CLANG_CXX_LANGUAGE_STANDARD = "gnu++0x";
				CLANG_CXX_LIBRARY = "libc++";
				CLANG_WARN_EMPTY_BODY = YES;
				CLANG_WARN__DUPLICATE_METHOD_MATCH = YES;
				"CODE_SIGN_IDENTITY[sdk=iphoneos*]" = "iPhone Developer";
				COPY_PHASE_STRIP = YES;
				GCC_C_LANGUAGE_STANDARD = gnu99;
				GCC_WARN_ABOUT_RETURN_TYPE = YES;
				GCC_WARN_UNINITIALIZED_AUTOS = YES;
				GCC_WARN_UNUSED_VARIABLE = YES;
				IPHONEOS_DEPLOYMENT_TARGET = 6.0;
				OTHER_CFLAGS = "-DNS_BLOCK_ASSERTIONS=1";
				SDKROOT = iphoneos;
				TARGETED_DEVICE_FAMILY = 2;
				VALIDATE_PRODUCT = YES;
			};
			name = Release;
		};
		0A5B0FA116581BCD008F8DEE /* Debug */ = {
			isa = XCBuildConfiguration;
			buildSettings = {
				GCC_PRECOMPILE_PREFIX_HEADER = YES;
				GCC_PREFIX_HEADER = "EASYAPIFrontEnd/EASYAPIFrontEnd-Prefix.pch";
				INFOPLIST_FILE = "EASYAPIFrontEnd/EASYAPIFrontEnd-Info.plist";
				PRODUCT_NAME = "$(TARGET_NAME)";
				WRAPPER_EXTENSION = app;
			};
			name = Debug;
		};
		0A5B0FA216581BCD008F8DEE /* Release */ = {
			isa = XCBuildConfiguration;
			buildSettings = {
				GCC_PRECOMPILE_PREFIX_HEADER = YES;
				GCC_PREFIX_HEADER = "EASYAPIFrontEnd/EASYAPIFrontEnd-Prefix.pch";
				INFOPLIST_FILE = "EASYAPIFrontEnd/EASYAPIFrontEnd-Info.plist";
				PRODUCT_NAME = "$(TARGET_NAME)";
				WRAPPER_EXTENSION = app;
			};
			name = Release;
		};
/* End XCBuildConfiguration section */

/* Begin XCConfigurationList section */
		0A5B0F7616581BCD008F8DEE /* Build configuration list for PBXProject "EASYAPIFrontEnd" */ = {
			isa = XCConfigurationList;
			buildConfigurations = (
				0A5B0F9E16581BCD008F8DEE /* Debug */,
				0A5B0F9F16581BCD008F8DEE /* Release */,
			);
			defaultConfigurationIsVisible = 0;
			defaultConfigurationName = Release;
		};
		0A5B0FA016581BCD008F8DEE /* Build configuration list for PBXNativeTarget "EASYAPIFrontEnd" */ = {
			isa = XCConfigurationList;
			buildConfigurations = (
				0A5B0FA116581BCD008F8DEE /* Debug */,
				0A5B0FA216581BCD008F8DEE /* Release */,
			);
			defaultConfigurationIsVisible = 0;
			defaultConfigurationName = Release;
		};
/* End XCConfigurationList section */
	};
	rootObject = 0A5B0F7316581BCD008F8DEE /* Project object */;
}
